
Microsoft Visual Studio Solution File, Format Version 11.00
# Visual Studio 2010
Project("{FAE04EC0-301F-11D3-BF4B-00C04F79EFBC}") = "TXSearch", "TXSearch\TXSearch.csproj", "{C58EA757-0BE0-49E9-A90D-24AECCCB2DE1}"
EndProject
Project("{FAE04EC0-301F-11D3-BF4B-00C04F79EFBC}") = "KYJ.ZS.Commons", "..\KYJ.ZS.Commons\KYJ.ZS.Commons.csproj", "{12EE7E48-1322-466D-BD65-B35F871CAB06}"
EndProject
Project("{FAE04EC0-301F-11D3-BF4B-00C04F79EFBC}") = "TXSearchService", "TXSearchService\TXSearchService.csproj", "{871E5672-E7EA-4FD7-96B1-7CFD5ED5F5BD}"
EndProject
Project("{FAE04EC0-301F-11D3-BF4B-00C04F79EFBC}") = "TXGoodsDal", "TXGoodsDal\TXGoodsDal.csproj", "{83504635-B355-4871-907B-6B8F2C9F217B}"
EndProject
Global
	GlobalSection(SolutionConfigurationPlatforms) = preSolution
		Debug|Any CPU = Debug|Any CPU
		Debug|Mixed Platforms = Debug|Mixed Platforms
		Debug|x86 = Debug|x86
		Release|Any CPU = Release|Any CPU
		Release|Mixed Platforms = Release|Mixed Platforms
		Release|x86 = Release|x86
	EndGlobalSection
	GlobalSection(ProjectConfigurationPlatforms) = postSolution
		{C58EA757-0BE0-49E9-A90D-24AECCCB2DE1}.Debug|Any CPU.ActiveCfg = Debug|Any CPU
		{C58EA757-0BE0-49E9-A90D-24AECCCB2DE1}.Debug|Any CPU.Build.0 = Debug|Any CPU
		{C58EA757-0BE0-49E9-A90D-24AECCCB2DE1}.Debug|Mixed Platforms.ActiveCfg = Debug|Any CPU
		{C58EA757-0BE0-49E9-A90D-24AECCCB2DE1}.Debug|Mixed Platforms.Build.0 = Debug|Any CPU
		{C58EA757-0BE0-49E9-A90D-24AECCCB2DE1}.Debug|x86.ActiveCfg = Debug|Any CPU
		{C58EA757-0BE0-49E9-A90D-24AECCCB2DE1}.Release|Any CPU.ActiveCfg = Release|Any CPU
		{C58EA757-0BE0-49E9-A90D-24AECCCB2DE1}.Release|Any CPU.Build.0 = Release|Any CPU
		{C58EA757-0BE0-49E9-A90D-24AECCCB2DE1}.Release|Mixed Platforms.ActiveCfg = Release|Any CPU
		{C58EA757-0BE0-49E9-A90D-24AECCCB2DE1}.Release|Mixed Platforms.Build.0 = Release|Any CPU
		{C58EA757-0BE0-49E9-A90D-24AECCCB2DE1}.Release|x86.ActiveCfg = Release|Any CPU
		{12EE7E48-1322-466D-BD65-B35F871CAB06}.Debug|Any CPU.ActiveCfg = Debug|Any CPU
		{12EE7E48-1322-466D-BD65-B35F871CAB06}.Debug|Any CPU.Build.0 = Debug|Any CPU
		{12EE7E48-1322-466D-BD65-B35F871CAB06}.Debug|Mixed Platforms.ActiveCfg = Debug|Any CPU
		{12EE7E48-1322-466D-BD65-B35F871CAB06}.Debug|Mixed Platforms.Build.0 = Debug|Any CPU
		{12EE7E48-1322-466D-BD65-B35F871CAB06}.Debug|x86.ActiveCfg = Debug|Any CPU
		{12EE7E48-1322-466D-BD65-B35F871CAB06}.Release|Any CPU.ActiveCfg = Release|Any CPU
		{12EE7E48-1322-466D-BD65-B35F871CAB06}.Release|Any CPU.Build.0 = Release|Any CPU
		{12EE7E48-1322-466D-BD65-B35F871CAB06}.Release|Mixed Platforms.ActiveCfg = Release|Any CPU
		{12EE7E48-1322-466D-BD65-B35F871CAB06}.Release|Mixed Platforms.Build.0 = Release|Any CPU
		{12EE7E48-1322-466D-BD65-B35F871CAB06}.Release|x86.ActiveCfg = Release|Any CPU
		{871E5672-E7EA-4FD7-96B1-7CFD5ED5F5BD}.Debug|Any CPU.ActiveCfg = Debug|x86
		{871E5672-E7EA-4FD7-96B1-7CFD5ED5F5BD}.Debug|Mixed Platforms.ActiveCfg = Debug|x86
		{871E5672-E7EA-4FD7-96B1-7CFD5ED5F5BD}.Debug|Mixed Platforms.Build.0 = Debug|x86
		{871E5672-E7EA-4FD7-96B1-7CFD5ED5F5BD}.Debug|x86.ActiveCfg = Debug|x86
		{871E5672-E7EA-4FD7-96B1-7CFD5ED5F5BD}.Debug|x86.Build.0 = Debug|x86
		{871E5672-E7EA-4FD7-96B1-7CFD5ED5F5BD}.Release|Any CPU.ActiveCfg = Release|x86
		{871E5672-E7EA-4FD7-96B1-7CFD5ED5F5BD}.Release|Mixed Platforms.ActiveCfg = Release|x86
		{871E5672-E7EA-4FD7-96B1-7CFD5ED5F5BD}.Release|Mixed Platforms.Build.0 = Release|x86
		{871E5672-E7EA-4FD7-96B1-7CFD5ED5F5BD}.Release|x86.ActiveCfg = Release|x86
		{871E5672-E7EA-4FD7-96B1-7CFD5ED5F5BD}.Release|x86.Build.0 = Release|x86
		{83504635-B355-4871-907B-6B8F2C9F217B}.Debug|Any CPU.ActiveCfg = Debug|Any CPU
		{83504635-B355-4871-907B-6B8F2C9F217B}.Debug|Any CPU.Build.0 = Debug|Any CPU
		{83504635-B355-4871-907B-6B8F2C9F217B}.Debug|Mixed Platforms.ActiveCfg = Debug|Any CPU
		{83504635-B355-4871-907B-6B8F2C9F217B}.Debug|Mixed Platforms.Build.0 = Debug|Any CPU
		{83504635-B355-4871-907B-6B8F2C9F217B}.Debug|x86.ActiveCfg = Debug|Any CPU
		{83504635-B355-4871-907B-6B8F2C9F217B}.Release|Any CPU.ActiveCfg = Release|Any CPU
		{83504635-B355-4871-907B-6B8F2C9F217B}.Release|Any CPU.Build.0 = Release|Any CPU
		{83504635-B355-4871-907B-6B8F2C9F217B}.Release|Mixed Platforms.ActiveCfg = Release|Any CPU
		{83504635-B355-4871-907B-6B8F2C9F217B}.Release|Mixed Platforms.Build.0 = Release|Any CPU
		{83504635-B355-4871-907B-6B8F2C9F217B}.Release|x86.ActiveCfg = Release|Any CPU
	EndGlobalSection
	GlobalSection(SolutionProperties) = preSolution
		HideSolutionNode = FALSE
	EndGlobalSection
EndGlobal
