
Microsoft Visual Studio Solution File, Format Version 11.00
# Visual Studio 2010
Project("{FAE04EC0-301F-11D3-BF4B-00C04F79EFBC}") = "WcfService1", "WcfService1\WcfService1.csproj", "{7CD0A0DD-F30A-41DA-B175-7A6B11ABC6E5}"
EndProject
Project("{FAE04EC0-301F-11D3-BF4B-00C04F79EFBC}") = "WcfServiceLibrary2", "WcfServiceLibrary2\WcfServiceLibrary2.csproj", "{5C223E6C-0992-423F-A5F8-EACE142B6D0C}"
EndProject
Global
	GlobalSection(SolutionConfigurationPlatforms) = preSolution
		Debug|Any CPU = Debug|Any CPU
		Release|Any CPU = Release|Any CPU
	EndGlobalSection
	GlobalSection(ProjectConfigurationPlatforms) = postSolution
		{7CD0A0DD-F30A-41DA-B175-7A6B11ABC6E5}.Debug|Any CPU.ActiveCfg = Debug|Any CPU
		{7CD0A0DD-F30A-41DA-B175-7A6B11ABC6E5}.Debug|Any CPU.Build.0 = Debug|Any CPU
		{7CD0A0DD-F30A-41DA-B175-7A6B11ABC6E5}.Release|Any CPU.ActiveCfg = Release|Any CPU
		{7CD0A0DD-F30A-41DA-B175-7A6B11ABC6E5}.Release|Any CPU.Build.0 = Release|Any CPU
		{5C223E6C-0992-423F-A5F8-EACE142B6D0C}.Debug|Any CPU.ActiveCfg = Debug|Any CPU
		{5C223E6C-0992-423F-A5F8-EACE142B6D0C}.Debug|Any CPU.Build.0 = Debug|Any CPU
		{5C223E6C-0992-423F-A5F8-EACE142B6D0C}.Release|Any CPU.ActiveCfg = Release|Any CPU
		{5C223E6C-0992-423F-A5F8-EACE142B6D0C}.Release|Any CPU.Build.0 = Release|Any CPU
	EndGlobalSection
	GlobalSection(SolutionProperties) = preSolution
		HideSolutionNode = FALSE
	EndGlobalSection
EndGlobal
