
Microsoft Visual Studio Solution File, Format Version 11.00
# Visual Studio 2010
Project("{FAE04EC0-301F-11D3-BF4B-00C04F79EFBC}") = "DrawingPictureHelp", "DrawingPictureHelp\DrawingPictureHelp.csproj", "{71A0035E-ECB1-454E-8B5D-984CDD74033B}"
EndProject
Project("{FAE04EC0-301F-11D3-BF4B-00C04F79EFBC}") = "DrawTest", "DrawTest\DrawTest.csproj", "{AE51F929-12A6-4BBE-A649-53551F0F062B}"
EndProject
Global
	GlobalSection(SolutionConfigurationPlatforms) = preSolution
		Debug|Any CPU = Debug|Any CPU
		Debug|Mixed Platforms = Debug|Mixed Platforms
		Debug|x86 = Debug|x86
		Release|Any CPU = Release|Any CPU
		Release|Mixed Platforms = Release|Mixed Platforms
		Release|x86 = Release|x86
	EndGlobalSection
	GlobalSection(ProjectConfigurationPlatforms) = postSolution
		{71A0035E-ECB1-454E-8B5D-984CDD74033B}.Debug|Any CPU.ActiveCfg = Debug|Any CPU
		{71A0035E-ECB1-454E-8B5D-984CDD74033B}.Debug|Any CPU.Build.0 = Debug|Any CPU
		{71A0035E-ECB1-454E-8B5D-984CDD74033B}.Debug|Mixed Platforms.ActiveCfg = Debug|Any CPU
		{71A0035E-ECB1-454E-8B5D-984CDD74033B}.Debug|Mixed Platforms.Build.0 = Debug|Any CPU
		{71A0035E-ECB1-454E-8B5D-984CDD74033B}.Debug|x86.ActiveCfg = Debug|Any CPU
		{71A0035E-ECB1-454E-8B5D-984CDD74033B}.Release|Any CPU.ActiveCfg = Release|Any CPU
		{71A0035E-ECB1-454E-8B5D-984CDD74033B}.Release|Any CPU.Build.0 = Release|Any CPU
		{71A0035E-ECB1-454E-8B5D-984CDD74033B}.Release|Mixed Platforms.ActiveCfg = Release|Any CPU
		{71A0035E-ECB1-454E-8B5D-984CDD74033B}.Release|Mixed Platforms.Build.0 = Release|Any CPU
		{71A0035E-ECB1-454E-8B5D-984CDD74033B}.Release|x86.ActiveCfg = Release|Any CPU
		{AE51F929-12A6-4BBE-A649-53551F0F062B}.Debug|Any CPU.ActiveCfg = Debug|x86
		{AE51F929-12A6-4BBE-A649-53551F0F062B}.Debug|Mixed Platforms.ActiveCfg = Debug|x86
		{AE51F929-12A6-4BBE-A649-53551F0F062B}.Debug|Mixed Platforms.Build.0 = Debug|x86
		{AE51F929-12A6-4BBE-A649-53551F0F062B}.Debug|x86.ActiveCfg = Debug|x86
		{AE51F929-12A6-4BBE-A649-53551F0F062B}.Debug|x86.Build.0 = Debug|x86
		{AE51F929-12A6-4BBE-A649-53551F0F062B}.Release|Any CPU.ActiveCfg = Release|x86
		{AE51F929-12A6-4BBE-A649-53551F0F062B}.Release|Mixed Platforms.ActiveCfg = Release|x86
		{AE51F929-12A6-4BBE-A649-53551F0F062B}.Release|Mixed Platforms.Build.0 = Release|x86
		{AE51F929-12A6-4BBE-A649-53551F0F062B}.Release|x86.ActiveCfg = Release|x86
		{AE51F929-12A6-4BBE-A649-53551F0F062B}.Release|x86.Build.0 = Release|x86
	EndGlobalSection
	GlobalSection(SolutionProperties) = preSolution
		HideSolutionNode = FALSE
	EndGlobalSection
EndGlobal
