
Microsoft Visual Studio Solution File, Format Version 11.00
# Visual Studio 2010
Project("{FAE04EC0-301F-11D3-BF4B-00C04F79EFBC}") = "TXNewHouseWeb", "TXNewHouseWeb.csproj", "{1E82888A-63BC-46FA-950C-18D02F2EF962}"
EndProject
Global
	GlobalSection(SolutionConfigurationPlatforms) = preSolution
		Debug|Any CPU = Debug|Any CPU
		Release|Any CPU = Release|Any CPU
	EndGlobalSection
	GlobalSection(ProjectConfigurationPlatforms) = postSolution
		{1E82888A-63BC-46FA-950C-18D02F2EF962}.Debug|Any CPU.ActiveCfg = Debug|Any CPU
		{1E82888A-63BC-46FA-950C-18D02F2EF962}.Debug|Any CPU.Build.0 = Debug|Any CPU
		{1E82888A-63BC-46FA-950C-18D02F2EF962}.Release|Any CPU.ActiveCfg = Release|Any CPU
		{1E82888A-63BC-46FA-950C-18D02F2EF962}.Release|Any CPU.Build.0 = Release|Any CPU
	EndGlobalSection
	GlobalSection(SolutionProperties) = preSolution
		HideSolutionNode = FALSE
	EndGlobalSection
EndGlobal
