
Microsoft Visual Studio Solution File, Format Version 11.00
# Visual Studio 2010
Project("{FAE04EC0-301F-11D3-BF4B-00C04F79EFBC}") = "Mvc4WebApi", "Mvc4WebApi\Mvc4WebApi.csproj", "{BD9875D4-D678-4F0F-9323-0A030E2EA22C}"
EndProject
Project("{FAE04EC0-301F-11D3-BF4B-00C04F79EFBC}") = "Mvc4WebApi2", "Mvc4WebApi2\Mvc4WebApi2.csproj", "{0079ADCE-7F08-4226-9830-D359BCCD5E92}"
EndProject
Project("{FAE04EC0-301F-11D3-BF4B-00C04F79EFBC}") = "HttpModule", "HttpModule\HttpModule.csproj", "{ED700E08-75A3-424F-831E-C60FD273DF5A}"
EndProject
Global
	GlobalSection(SolutionConfigurationPlatforms) = preSolution
		Debug|Any CPU = Debug|Any CPU
		Release|Any CPU = Release|Any CPU
	EndGlobalSection
	GlobalSection(ProjectConfigurationPlatforms) = postSolution
		{BD9875D4-D678-4F0F-9323-0A030E2EA22C}.Debug|Any CPU.ActiveCfg = Debug|Any CPU
		{BD9875D4-D678-4F0F-9323-0A030E2EA22C}.Debug|Any CPU.Build.0 = Debug|Any CPU
		{BD9875D4-D678-4F0F-9323-0A030E2EA22C}.Release|Any CPU.ActiveCfg = Release|Any CPU
		{BD9875D4-D678-4F0F-9323-0A030E2EA22C}.Release|Any CPU.Build.0 = Release|Any CPU
		{0079ADCE-7F08-4226-9830-D359BCCD5E92}.Debug|Any CPU.ActiveCfg = Debug|Any CPU
		{0079ADCE-7F08-4226-9830-D359BCCD5E92}.Debug|Any CPU.Build.0 = Debug|Any CPU
		{0079ADCE-7F08-4226-9830-D359BCCD5E92}.Release|Any CPU.ActiveCfg = Release|Any CPU
		{0079ADCE-7F08-4226-9830-D359BCCD5E92}.Release|Any CPU.Build.0 = Release|Any CPU
		{ED700E08-75A3-424F-831E-C60FD273DF5A}.Debug|Any CPU.ActiveCfg = Debug|Any CPU
		{ED700E08-75A3-424F-831E-C60FD273DF5A}.Debug|Any CPU.Build.0 = Debug|Any CPU
		{ED700E08-75A3-424F-831E-C60FD273DF5A}.Release|Any CPU.ActiveCfg = Release|Any CPU
		{ED700E08-75A3-424F-831E-C60FD273DF5A}.Release|Any CPU.Build.0 = Release|Any CPU
	EndGlobalSection
	GlobalSection(SolutionProperties) = preSolution
		HideSolutionNode = FALSE
	EndGlobalSection
EndGlobal
